
Microsoft Visual Studio Solution File, Format Version 12.00
# Visual Studio 2012
Project("{FAE04EC0-301F-11D3-BF4B-00C04F79EFBC}") = "DataAccess", "DataAccess\DataAccess.csproj", "{13A83EEA-FD8C-44F6-BCAF-D7B79F8596C5}"
EndProject
Project("{FAE04EC0-301F-11D3-BF4B-00C04F79EFBC}") = "Test", "Test\Test.csproj", "{73760F68-3FDC-49F3-867A-0BC1464731A4}"
EndProject
Project("{FAE04EC0-301F-11D3-BF4B-00C04F79EFBC}") = "Core", "Core\Core.csproj", "{C6C995DC-3C83-482F-BBEB-A3AC4F964EFE}"
EndProject
Project("{FAE04EC0-301F-11D3-BF4B-00C04F79EFBC}") = "UI", "UI\UI.csproj", "{C563741C-8173-4987-A0A3-486ECEE3319A}"
EndProject
Global
	GlobalSection(SolutionConfigurationPlatforms) = preSolution
		Debug|Any CPU = Debug|Any CPU
		Release|Any CPU = Release|Any CPU
	EndGlobalSection
	GlobalSection(ProjectConfigurationPlatforms) = postSolution
		{13A83EEA-FD8C-44F6-BCAF-D7B79F8596C5}.Debug|Any CPU.ActiveCfg = Debug|Any CPU
		{13A83EEA-FD8C-44F6-BCAF-D7B79F8596C5}.Debug|Any CPU.Build.0 = Debug|Any CPU
		{13A83EEA-FD8C-44F6-BCAF-D7B79F8596C5}.Release|Any CPU.ActiveCfg = Release|Any CPU
		{13A83EEA-FD8C-44F6-BCAF-D7B79F8596C5}.Release|Any CPU.Build.0 = Release|Any CPU
		{73760F68-3FDC-49F3-867A-0BC1464731A4}.Debug|Any CPU.ActiveCfg = Debug|Any CPU
		{73760F68-3FDC-49F3-867A-0BC1464731A4}.Debug|Any CPU.Build.0 = Debug|Any CPU
		{73760F68-3FDC-49F3-867A-0BC1464731A4}.Release|Any CPU.ActiveCfg = Release|Any CPU
		{73760F68-3FDC-49F3-867A-0BC1464731A4}.Release|Any CPU.Build.0 = Release|Any CPU
		{C6C995DC-3C83-482F-BBEB-A3AC4F964EFE}.Debug|Any CPU.ActiveCfg = Debug|Any CPU
		{C6C995DC-3C83-482F-BBEB-A3AC4F964EFE}.Debug|Any CPU.Build.0 = Debug|Any CPU
		{C6C995DC-3C83-482F-BBEB-A3AC4F964EFE}.Release|Any CPU.ActiveCfg = Release|Any CPU
		{C6C995DC-3C83-482F-BBEB-A3AC4F964EFE}.Release|Any CPU.Build.0 = Release|Any CPU
		{C563741C-8173-4987-A0A3-486ECEE3319A}.Debug|Any CPU.ActiveCfg = Debug|Any CPU
		{C563741C-8173-4987-A0A3-486ECEE3319A}.Debug|Any CPU.Build.0 = Debug|Any CPU
		{C563741C-8173-4987-A0A3-486ECEE3319A}.Release|Any CPU.ActiveCfg = Release|Any CPU
		{C563741C-8173-4987-A0A3-486ECEE3319A}.Release|Any CPU.Build.0 = Release|Any CPU
	EndGlobalSection
	GlobalSection(SolutionProperties) = preSolution
		HideSolutionNode = FALSE
	EndGlobalSection
EndGlobal
